
Microsoft Visual Studio Solution File, Format Version 12.00
# Visual Studio Version 17
VisualStudioVersion = 17.6.33801.468
MinimumVisualStudioVersion = 10.0.40219.1
Project("{FAE04EC0-301F-11D3-BF4B-00C04F79EFBC}") = "NotissimusApp", "NotissimusApp\NotissimusApp.csproj", "{8E4D2572-8282-4EDE-9DC7-2F65EF715C76}"
EndProject
Global
	GlobalSection(SolutionConfigurationPlatforms) = preSolution
		Debug|Any CPU = Debug|Any CPU
		Release|Any CPU = Release|Any CPU
	EndGlobalSection
	GlobalSection(ProjectConfigurationPlatforms) = postSolution
		{8E4D2572-8282-4EDE-9DC7-2F65EF715C76}.Debug|Any CPU.ActiveCfg = Debug|Any CPU
		{8E4D2572-8282-4EDE-9DC7-2F65EF715C76}.Debug|Any CPU.Build.0 = Debug|Any CPU
		{8E4D2572-8282-4EDE-9DC7-2F65EF715C76}.Debug|Any CPU.Deploy.0 = Debug|Any CPU
		{8E4D2572-8282-4EDE-9DC7-2F65EF715C76}.Release|Any CPU.ActiveCfg = Release|Any CPU
		{8E4D2572-8282-4EDE-9DC7-2F65EF715C76}.Release|Any CPU.Build.0 = Release|Any CPU
		{8E4D2572-8282-4EDE-9DC7-2F65EF715C76}.Release|Any CPU.Deploy.0 = Release|Any CPU
	EndGlobalSection
	GlobalSection(SolutionProperties) = preSolution
		HideSolutionNode = FALSE
	EndGlobalSection
	GlobalSection(ExtensibilityGlobals) = postSolution
		SolutionGuid = {91E68747-7769-496F-822E-682830DF969D}
	EndGlobalSection
EndGlobal
